Microsoft Visual Studio Solution File, Format Version 11.00
# Visual Studio 2008

Project("{D6F039AC-DFA3-BFC6-FFA8-79E60450FCEE}") = "HelloUnityChan", "Assembly-CSharp.csproj", "{757E0F87-C4C5-CEF9-7079-3AFAF222A3F1}"
EndProject
Global
	GlobalSection(SolutionConfigurationPlatforms) = preSolution
		Debug|Any CPU = Debug|Any CPU
		Release|Any CPU = Release|Any CPU
	EndGlobalSection
	GlobalSection(ProjectConfigurationPlatforms) = postSolution
		{757E0F87-C4C5-CEF9-7079-3AFAF222A3F1}.Debug|Any CPU.ActiveCfg = Debug|Any CPU
		{757E0F87-C4C5-CEF9-7079-3AFAF222A3F1}.Debug|Any CPU.Build.0 = Debug|Any CPU
		{757E0F87-C4C5-CEF9-7079-3AFAF222A3F1}.Release|Any CPU.ActiveCfg = Release|Any CPU
		{757E0F87-C4C5-CEF9-7079-3AFAF222A3F1}.Release|Any CPU.Build.0 = Release|Any CPU
	EndGlobalSection
	GlobalSection(SolutionProperties) = preSolution
		HideSolutionNode = FALSE
	EndGlobalSection
	GlobalSection(MonoDevelopProperties) = preSolution
		StartupItem = Assembly-CSharp.csproj
	EndGlobalSection
EndGlobal
